
Microsoft Visual Studio Solution File, Format Version 12.00
# Visual Studio Version 17
VisualStudioVersion = 17.3.32804.467
MinimumVisualStudioVersion = 10.0.40219.1
Project("{9A19103F-16F7-4668-BE54-9A1E7A4F7556}") = "Database", "Database\Database.csproj", "{BEEEEBF5-56EE-4DAC-95BC-1775470F09AF}"
EndProject
Project("{9A19103F-16F7-4668-BE54-9A1E7A4F7556}") = "UnitTest", "UnitTest\UnitTest.csproj", "{C4FF41E3-6B3E-4FE9-B72C-DBC53CCB2F5B}"
EndProject
Global
	GlobalSection(SolutionConfigurationPlatforms) = preSolution
		Debug|Any CPU = Debug|Any CPU
		Release|Any CPU = Release|Any CPU
	EndGlobalSection
	GlobalSection(ProjectConfigurationPlatforms) = postSolution
		{BEEEEBF5-56EE-4DAC-95BC-1775470F09AF}.Debug|Any CPU.ActiveCfg = Debug|Any CPU
		{BEEEEBF5-56EE-4DAC-95BC-1775470F09AF}.Debug|Any CPU.Build.0 = Debug|Any CPU
		{BEEEEBF5-56EE-4DAC-95BC-1775470F09AF}.Release|Any CPU.ActiveCfg = Release|Any CPU
		{BEEEEBF5-56EE-4DAC-95BC-1775470F09AF}.Release|Any CPU.Build.0 = Release|Any CPU
		{C4FF41E3-6B3E-4FE9-B72C-DBC53CCB2F5B}.Debug|Any CPU.ActiveCfg = Debug|Any CPU
		{C4FF41E3-6B3E-4FE9-B72C-DBC53CCB2F5B}.Debug|Any CPU.Build.0 = Debug|Any CPU
		{C4FF41E3-6B3E-4FE9-B72C-DBC53CCB2F5B}.Release|Any CPU.ActiveCfg = Release|Any CPU
		{C4FF41E3-6B3E-4FE9-B72C-DBC53CCB2F5B}.Release|Any CPU.Build.0 = Release|Any CPU
	EndGlobalSection
	GlobalSection(SolutionProperties) = preSolution
		HideSolutionNode = FALSE
	EndGlobalSection
	GlobalSection(ExtensibilityGlobals) = postSolution
		SolutionGuid = {152CF781-0754-4487-92C4-708587D4FE87}
	EndGlobalSection
EndGlobal
